
Microsoft Visual Studio Solution File, Format Version 12.00
# Visual Studio Version 17
VisualStudioVersion = 17.10.34928.147
MinimumVisualStudioVersion = 10.0.40219.1
Project("{FAE04EC0-301F-11D3-BF4B-00C04F79EFBC}") = "parcial2LeandroPanozzo", "parcial2LeandroPanozzo.csproj", "{69A3659A-726B-42E3-930F-09E699C5D66C}"
EndProject
Global
	GlobalSection(SolutionConfigurationPlatforms) = preSolution
		Debug|Any CPU = Debug|Any CPU
		Release|Any CPU = Release|Any CPU
	EndGlobalSection
	GlobalSection(ProjectConfigurationPlatforms) = postSolution
		{69A3659A-726B-42E3-930F-09E699C5D66C}.Debug|Any CPU.ActiveCfg = Debug|Any CPU
		{69A3659A-726B-42E3-930F-09E699C5D66C}.Debug|Any CPU.Build.0 = Debug|Any CPU
		{69A3659A-726B-42E3-930F-09E699C5D66C}.Release|Any CPU.ActiveCfg = Release|Any CPU
		{69A3659A-726B-42E3-930F-09E699C5D66C}.Release|Any CPU.Build.0 = Release|Any CPU
	EndGlobalSection
	GlobalSection(SolutionProperties) = preSolution
		HideSolutionNode = FALSE
	EndGlobalSection
	GlobalSection(ExtensibilityGlobals) = postSolution
		SolutionGuid = {BEE96ED1-1F53-43EB-93D2-EB9EB2C090AE}
	EndGlobalSection
EndGlobal
