
Microsoft Visual Studio Solution File, Format Version 12.00
# Visual Studio Version 17
VisualStudioVersion = 17.9.34701.34
MinimumVisualStudioVersion = 10.0.40219.1
Project("{FAE04EC0-301F-11D3-BF4B-00C04F79EFBC}") = "Ejercicio Parcial prog3", "Ejercicio Parcial prog3\Ejercicio Parcial prog3.csproj", "{12FF636E-F94E-4CCA-A8E6-0B2867A5D162}"
EndProject
Global
	GlobalSection(SolutionConfigurationPlatforms) = preSolution
		Debug|Any CPU = Debug|Any CPU
		Release|Any CPU = Release|Any CPU
	EndGlobalSection
	GlobalSection(ProjectConfigurationPlatforms) = postSolution
		{12FF636E-F94E-4CCA-A8E6-0B2867A5D162}.Debug|Any CPU.ActiveCfg = Debug|Any CPU
		{12FF636E-F94E-4CCA-A8E6-0B2867A5D162}.Debug|Any CPU.Build.0 = Debug|Any CPU
		{12FF636E-F94E-4CCA-A8E6-0B2867A5D162}.Release|Any CPU.ActiveCfg = Release|Any CPU
		{12FF636E-F94E-4CCA-A8E6-0B2867A5D162}.Release|Any CPU.Build.0 = Release|Any CPU
	EndGlobalSection
	GlobalSection(SolutionProperties) = preSolution
		HideSolutionNode = FALSE
	EndGlobalSection
	GlobalSection(ExtensibilityGlobals) = postSolution
		SolutionGuid = {EDC3B6FF-748A-4FB9-99C7-0DE866AB2350}
	EndGlobalSection
EndGlobal
