
Microsoft Visual Studio Solution File, Format Version 12.00
# Visual Studio Version 17
VisualStudioVersion = 17.10.34928.147
MinimumVisualStudioVersion = 10.0.40219.1
Project("{FAE04EC0-301F-11D3-BF4B-00C04F79EFBC}") = "teoricprac2Forms", "teoricprac2Forms\teoricprac2Forms.csproj", "{187D4818-C62F-4C47-A237-040FE71FD64C}"
EndProject
Global
	GlobalSection(SolutionConfigurationPlatforms) = preSolution
		Debug|Any CPU = Debug|Any CPU
		Release|Any CPU = Release|Any CPU
	EndGlobalSection
	GlobalSection(ProjectConfigurationPlatforms) = postSolution
		{187D4818-C62F-4C47-A237-040FE71FD64C}.Debug|Any CPU.ActiveCfg = Debug|Any CPU
		{187D4818-C62F-4C47-A237-040FE71FD64C}.Debug|Any CPU.Build.0 = Debug|Any CPU
		{187D4818-C62F-4C47-A237-040FE71FD64C}.Release|Any CPU.ActiveCfg = Release|Any CPU
		{187D4818-C62F-4C47-A237-040FE71FD64C}.Release|Any CPU.Build.0 = Release|Any CPU
	EndGlobalSection
	GlobalSection(SolutionProperties) = preSolution
		HideSolutionNode = FALSE
	EndGlobalSection
	GlobalSection(ExtensibilityGlobals) = postSolution
		SolutionGuid = {E48C6526-8902-41CC-883D-7F79A886A1BF}
	EndGlobalSection
EndGlobal
