
Microsoft Visual Studio Solution File, Format Version 12.00
# Visual Studio Version 17
VisualStudioVersion = 17.9.34701.34
MinimumVisualStudioVersion = 10.0.40219.1
Project("{FAE04EC0-301F-11D3-BF4B-00C04F79EFBC}") = "Ejercicio_simulacion_Parcial1", "Ejercicio_simulacion_Parcial1\Ejercicio_simulacion_Parcial1.csproj", "{0E76F616-5AE5-4804-A687-0BD0BB9B0CEE}"
EndProject
Global
	GlobalSection(SolutionConfigurationPlatforms) = preSolution
		Debug|Any CPU = Debug|Any CPU
		Release|Any CPU = Release|Any CPU
	EndGlobalSection
	GlobalSection(ProjectConfigurationPlatforms) = postSolution
		{0E76F616-5AE5-4804-A687-0BD0BB9B0CEE}.Debug|Any CPU.ActiveCfg = Debug|Any CPU
		{0E76F616-5AE5-4804-A687-0BD0BB9B0CEE}.Debug|Any CPU.Build.0 = Debug|Any CPU
		{0E76F616-5AE5-4804-A687-0BD0BB9B0CEE}.Release|Any CPU.ActiveCfg = Release|Any CPU
		{0E76F616-5AE5-4804-A687-0BD0BB9B0CEE}.Release|Any CPU.Build.0 = Release|Any CPU
	EndGlobalSection
	GlobalSection(SolutionProperties) = preSolution
		HideSolutionNode = FALSE
	EndGlobalSection
	GlobalSection(ExtensibilityGlobals) = postSolution
		SolutionGuid = {B1A280BC-772D-4D07-B751-D48A8F135EBE}
	EndGlobalSection
EndGlobal
