
Microsoft Visual Studio Solution File, Format Version 12.00
# Visual Studio Version 17
VisualStudioVersion = 17.9.34701.34
MinimumVisualStudioVersion = 10.0.40219.1
Project("{FAE04EC0-301F-11D3-BF4B-00C04F79EFBC}") = "Ejercicio_simulacion_pacrial1_conArreglo_Multidimensional", "Ejercicio_simulacion_pacrial1_conArreglo_Multidimensional\Ejercicio_simulacion_pacrial1_conArreglo_Multidimensional.csproj", "{50671811-FCE4-46EE-8CB3-BF1F789D6A32}"
EndProject
Global
	GlobalSection(SolutionConfigurationPlatforms) = preSolution
		Debug|Any CPU = Debug|Any CPU
		Release|Any CPU = Release|Any CPU
	EndGlobalSection
	GlobalSection(ProjectConfigurationPlatforms) = postSolution
		{50671811-FCE4-46EE-8CB3-BF1F789D6A32}.Debug|Any CPU.ActiveCfg = Debug|Any CPU
		{50671811-FCE4-46EE-8CB3-BF1F789D6A32}.Debug|Any CPU.Build.0 = Debug|Any CPU
		{50671811-FCE4-46EE-8CB3-BF1F789D6A32}.Release|Any CPU.ActiveCfg = Release|Any CPU
		{50671811-FCE4-46EE-8CB3-BF1F789D6A32}.Release|Any CPU.Build.0 = Release|Any CPU
	EndGlobalSection
	GlobalSection(SolutionProperties) = preSolution
		HideSolutionNode = FALSE
	EndGlobalSection
	GlobalSection(ExtensibilityGlobals) = postSolution
		SolutionGuid = {EA42A9A1-98CB-4925-BD54-445F6F670F91}
	EndGlobalSection
EndGlobal
