
Microsoft Visual Studio Solution File, Format Version 12.00
# Visual Studio Version 17
VisualStudioVersion = 17.9.34701.34
MinimumVisualStudioVersion = 10.0.40219.1
Project("{FAE04EC0-301F-11D3-BF4B-00C04F79EFBC}") = "Ejercicio Interfaces", "Ejercicio Interfaces\Ejercicio Interfaces.csproj", "{3570C1A9-6C69-43FE-B230-62F58B9C7DD8}"
EndProject
Global
	GlobalSection(SolutionConfigurationPlatforms) = preSolution
		Debug|Any CPU = Debug|Any CPU
		Release|Any CPU = Release|Any CPU
	EndGlobalSection
	GlobalSection(ProjectConfigurationPlatforms) = postSolution
		{3570C1A9-6C69-43FE-B230-62F58B9C7DD8}.Debug|Any CPU.ActiveCfg = Debug|Any CPU
		{3570C1A9-6C69-43FE-B230-62F58B9C7DD8}.Debug|Any CPU.Build.0 = Debug|Any CPU
		{3570C1A9-6C69-43FE-B230-62F58B9C7DD8}.Release|Any CPU.ActiveCfg = Release|Any CPU
		{3570C1A9-6C69-43FE-B230-62F58B9C7DD8}.Release|Any CPU.Build.0 = Release|Any CPU
	EndGlobalSection
	GlobalSection(SolutionProperties) = preSolution
		HideSolutionNode = FALSE
	EndGlobalSection
	GlobalSection(ExtensibilityGlobals) = postSolution
		SolutionGuid = {E9D56C39-14BB-405B-B8FC-646EA3BB41B4}
	EndGlobalSection
EndGlobal
