
Microsoft Visual Studio Solution File, Format Version 12.00
# Visual Studio Version 17
VisualStudioVersion = 17.9.34701.34
MinimumVisualStudioVersion = 10.0.40219.1
Project("{FAE04EC0-301F-11D3-BF4B-00C04F79EFBC}") = "tateti winforms", "tateti winforms\tateti winforms.csproj", "{9D6E285B-8837-40AB-8EF6-443D57E649DD}"
EndProject
Project("{9A19103F-16F7-4668-BE54-9A1E7A4F7556}") = "Historias Clinicas", "D:\EjerciciosLab3\Historias Clinicas\Historias Clinicas\Historias Clinicas.csproj", "{AF101C6D-DA05-4958-B9E4-25FCC7E210D1}"
EndProject
Global
	GlobalSection(SolutionConfigurationPlatforms) = preSolution
		Debug|Any CPU = Debug|Any CPU
		Release|Any CPU = Release|Any CPU
	EndGlobalSection
	GlobalSection(ProjectConfigurationPlatforms) = postSolution
		{9D6E285B-8837-40AB-8EF6-443D57E649DD}.Debug|Any CPU.ActiveCfg = Debug|Any CPU
		{9D6E285B-8837-40AB-8EF6-443D57E649DD}.Debug|Any CPU.Build.0 = Debug|Any CPU
		{9D6E285B-8837-40AB-8EF6-443D57E649DD}.Release|Any CPU.ActiveCfg = Release|Any CPU
		{9D6E285B-8837-40AB-8EF6-443D57E649DD}.Release|Any CPU.Build.0 = Release|Any CPU
		{AF101C6D-DA05-4958-B9E4-25FCC7E210D1}.Debug|Any CPU.ActiveCfg = Debug|Any CPU
		{AF101C6D-DA05-4958-B9E4-25FCC7E210D1}.Debug|Any CPU.Build.0 = Debug|Any CPU
		{AF101C6D-DA05-4958-B9E4-25FCC7E210D1}.Release|Any CPU.ActiveCfg = Release|Any CPU
		{AF101C6D-DA05-4958-B9E4-25FCC7E210D1}.Release|Any CPU.Build.0 = Release|Any CPU
	EndGlobalSection
	GlobalSection(SolutionProperties) = preSolution
		HideSolutionNode = FALSE
	EndGlobalSection
	GlobalSection(ExtensibilityGlobals) = postSolution
		SolutionGuid = {716F909C-CB0E-4331-B146-0D3191145634}
	EndGlobalSection
EndGlobal
