
Microsoft Visual Studio Solution File, Format Version 12.00
# Visual Studio Version 17
VisualStudioVersion = 17.9.34701.34
MinimumVisualStudioVersion = 10.0.40219.1
Project("{FAE04EC0-301F-11D3-BF4B-00C04F79EFBC}") = "Enums_prueba", "Enums_prueba\Enums_prueba.csproj", "{916696E0-A92E-4978-B2E7-C250B8C3D300}"
EndProject
Global
	GlobalSection(SolutionConfigurationPlatforms) = preSolution
		Debug|Any CPU = Debug|Any CPU
		Release|Any CPU = Release|Any CPU
	EndGlobalSection
	GlobalSection(ProjectConfigurationPlatforms) = postSolution
		{916696E0-A92E-4978-B2E7-C250B8C3D300}.Debug|Any CPU.ActiveCfg = Debug|Any CPU
		{916696E0-A92E-4978-B2E7-C250B8C3D300}.Debug|Any CPU.Build.0 = Debug|Any CPU
		{916696E0-A92E-4978-B2E7-C250B8C3D300}.Release|Any CPU.ActiveCfg = Release|Any CPU
		{916696E0-A92E-4978-B2E7-C250B8C3D300}.Release|Any CPU.Build.0 = Release|Any CPU
	EndGlobalSection
	GlobalSection(SolutionProperties) = preSolution
		HideSolutionNode = FALSE
	EndGlobalSection
	GlobalSection(ExtensibilityGlobals) = postSolution
		SolutionGuid = {F5B504E5-CD46-4F36-B65A-85B25706A51A}
	EndGlobalSection
EndGlobal
